
Microsoft Visual Studio Solution File, Format Version 12.00
# Visual Studio Version 16
VisualStudioVersion = 16.0.30611.23
MinimumVisualStudioVersion = 10.0.40219.1
Project("{9A19103F-16F7-4668-BE54-9A1E7A4F7556}") = "Todo.Infra.EventStore", "Todo.Infra.EventStore\Todo.Infra.EventStore.csproj", "{9D7AEB3E-ACC9-4603-AC44-BE2F983CABC9}"
EndProject
Project("{9A19103F-16F7-4668-BE54-9A1E7A4F7556}") = "Todo.Infra.InMemoryEventStore", "Todo.Infra.InMemoryEventStore\Todo.Infra.InMemoryEventStore.csproj", "{EAB216F4-3AA9-4A53-B371-373E6754DA12}"
EndProject
Project("{9A19103F-16F7-4668-BE54-9A1E7A4F7556}") = "Todo.ConsoleApp", "Todo.ConsoleApp\Todo.ConsoleApp.csproj", "{4C770F90-EC35-480E-9951-F5AAF257DF03}"
EndProject
Project("{9A19103F-16F7-4668-BE54-9A1E7A4F7556}") = "Todo.Domain", "Todo.Domain\Todo.Domain.csproj", "{56068986-E913-41FB-9CAB-84941C77C5C2}"
EndProject
Project("{9A19103F-16F7-4668-BE54-9A1E7A4F7556}") = "Todo.Application", "Todo.Application\Todo.Application.csproj", "{553EE8E0-C865-4A42-ACEA-D791B63D8539}"
EndProject
Project("{9A19103F-16F7-4668-BE54-9A1E7A4F7556}") = "Todo.Application.Tests", "Todo.Application.Tests\Todo.Application.Tests.csproj", "{27EF25D9-555A-4481-A6D4-D82F7D9645A3}"
EndProject
Project("{9A19103F-16F7-4668-BE54-9A1E7A4F7556}") = "Todo.Domain.Tests", "Todo.Domain.Tests\Todo.Domain.Tests.csproj", "{42E15C76-9340-45C8-A284-DEAE3B96AE22}"
EndProject
Global
	GlobalSection(SolutionConfigurationPlatforms) = preSolution
		Debug|Any CPU = Debug|Any CPU
		Release|Any CPU = Release|Any CPU
	EndGlobalSection
	GlobalSection(ProjectConfigurationPlatforms) = postSolution
		{9D7AEB3E-ACC9-4603-AC44-BE2F983CABC9}.Debug|Any CPU.ActiveCfg = Debug|Any CPU
		{9D7AEB3E-ACC9-4603-AC44-BE2F983CABC9}.Debug|Any CPU.Build.0 = Debug|Any CPU
		{9D7AEB3E-ACC9-4603-AC44-BE2F983CABC9}.Release|Any CPU.ActiveCfg = Release|Any CPU
		{9D7AEB3E-ACC9-4603-AC44-BE2F983CABC9}.Release|Any CPU.Build.0 = Release|Any CPU
		{EAB216F4-3AA9-4A53-B371-373E6754DA12}.Debug|Any CPU.ActiveCfg = Debug|Any CPU
		{EAB216F4-3AA9-4A53-B371-373E6754DA12}.Debug|Any CPU.Build.0 = Debug|Any CPU
		{EAB216F4-3AA9-4A53-B371-373E6754DA12}.Release|Any CPU.ActiveCfg = Release|Any CPU
		{EAB216F4-3AA9-4A53-B371-373E6754DA12}.Release|Any CPU.Build.0 = Release|Any CPU
		{4C770F90-EC35-480E-9951-F5AAF257DF03}.Debug|Any CPU.ActiveCfg = Debug|Any CPU
		{4C770F90-EC35-480E-9951-F5AAF257DF03}.Debug|Any CPU.Build.0 = Debug|Any CPU
		{4C770F90-EC35-480E-9951-F5AAF257DF03}.Release|Any CPU.ActiveCfg = Release|Any CPU
		{4C770F90-EC35-480E-9951-F5AAF257DF03}.Release|Any CPU.Build.0 = Release|Any CPU
		{56068986-E913-41FB-9CAB-84941C77C5C2}.Debug|Any CPU.ActiveCfg = Debug|Any CPU
		{56068986-E913-41FB-9CAB-84941C77C5C2}.Debug|Any CPU.Build.0 = Debug|Any CPU
		{56068986-E913-41FB-9CAB-84941C77C5C2}.Release|Any CPU.ActiveCfg = Release|Any CPU
		{56068986-E913-41FB-9CAB-84941C77C5C2}.Release|Any CPU.Build.0 = Release|Any CPU
		{553EE8E0-C865-4A42-ACEA-D791B63D8539}.Debug|Any CPU.ActiveCfg = Debug|Any CPU
		{553EE8E0-C865-4A42-ACEA-D791B63D8539}.Debug|Any CPU.Build.0 = Debug|Any CPU
		{553EE8E0-C865-4A42-ACEA-D791B63D8539}.Release|Any CPU.ActiveCfg = Release|Any CPU
		{553EE8E0-C865-4A42-ACEA-D791B63D8539}.Release|Any CPU.Build.0 = Release|Any CPU
		{27EF25D9-555A-4481-A6D4-D82F7D9645A3}.Debug|Any CPU.ActiveCfg = Debug|Any CPU
		{27EF25D9-555A-4481-A6D4-D82F7D9645A3}.Debug|Any CPU.Build.0 = Debug|Any CPU
		{27EF25D9-555A-4481-A6D4-D82F7D9645A3}.Release|Any CPU.ActiveCfg = Release|Any CPU
		{27EF25D9-555A-4481-A6D4-D82F7D9645A3}.Release|Any CPU.Build.0 = Release|Any CPU
		{42E15C76-9340-45C8-A284-DEAE3B96AE22}.Debug|Any CPU.ActiveCfg = Debug|Any CPU
		{42E15C76-9340-45C8-A284-DEAE3B96AE22}.Debug|Any CPU.Build.0 = Debug|Any CPU
		{42E15C76-9340-45C8-A284-DEAE3B96AE22}.Release|Any CPU.ActiveCfg = Release|Any CPU
		{42E15C76-9340-45C8-A284-DEAE3B96AE22}.Release|Any CPU.Build.0 = Release|Any CPU
	EndGlobalSection
	GlobalSection(SolutionProperties) = preSolution
		HideSolutionNode = FALSE
	EndGlobalSection
	GlobalSection(ExtensibilityGlobals) = postSolution
		SolutionGuid = {1D64AECF-3F83-43E8-AE62-E10449309B6D}
	EndGlobalSection
EndGlobal
