{
  "version": 1,
  "dependencies": {
    ".NETCoreApp,Version=v5.0": {
      "EasyNetQ": {
        "type": "Direct",
        "requested": "[6.3.0, )",
        "resolved": "6.3.0",
        "contentHash": "uvNXSYuQf30HzHnHMtmSw5TZkBJTe7bO6IdtG+buif0GWdugcv3aBpcapL2XGTCw5YGBSqvQfWn/4TWfO474bA==",
        "dependencies": {
          "Newtonsoft.Json": "12.0.3",
          "RabbitMQ.Client": "[6.2.1, 6.3.0)"
        }
      },
      "Newtonsoft.Json": {
        "type": "Transitive",
        "resolved": "12.0.3",
        "contentHash": "6mgjfnRB4jKMlzHSl+VD+oUc1IebOZabkbyWj2RiTgWwYPPuaK1H97G1sHqGwPlS5npiF5Q0OrxN1wni2n5QWg=="
      },
      "RabbitMQ.Client": {
        "type": "Transitive",
        "resolved": "6.2.1",
        "contentHash": "kdcin0uz1b9xQPvlLOoa8Y2zQsfu7nRuTrcX02dCLVzwGVlsPp9AFgu1L3kRh4wSFEOGE03OVqpWKxaDlhuowQ==",
        "dependencies": {
          "System.Memory": "4.5.4",
          "System.Threading.Channels": "4.7.1"
        }
      },
      "System.Memory": {
        "type": "Transitive",
        "resolved": "4.5.4",
        "contentHash": "1MbJTHS1lZ4bS4FmsJjnuGJOu88ZzTT2rLvrhW7Ygic+pC0NWA+3hgAen0HRdsocuQXCkUTdFn9yHJJhsijDXw=="
      },
      "System.Threading.Channels": {
        "type": "Transitive",
        "resolved": "4.7.1",
        "contentHash": "6akRtHK/wab3246t4p5v3HQrtQk8LboOt5T4dtpNgsp3zvDeM4/Gx8V12t0h+c/W9/enUrilk8n6EQqdQorZAA=="
      },
      "todo.domain": {
        "type": "Project"
      }
    }
  }
}