{
  "version": 1,
  "dependencies": {
    ".NETCoreApp,Version=v5.0": {
      "EasyNetQ": {
        "type": "Transitive",
        "resolved": "6.3.0",
        "contentHash": "uvNXSYuQf30HzHnHMtmSw5TZkBJTe7bO6IdtG+buif0GWdugcv3aBpcapL2XGTCw5YGBSqvQfWn/4TWfO474bA==",
        "dependencies": {
          "Newtonsoft.Json": "12.0.3",
          "RabbitMQ.Client": "[6.2.1, 6.3.0)"
        }
      },
      "Microsoft.Data.Sqlite": {
        "type": "Transitive",
        "resolved": "5.0.0",
        "contentHash": "yn+mLRSIHDAVDcyRSmPd7qWy3J/rd9qlDNz2rjHPhoeOknoeT6X2DF0uP0qH3zr5VBzV2k2bCyKvw8nuSS1kxQ==",
        "dependencies": {
          "Microsoft.Data.Sqlite.Core": "5.0.0",
          "SQLitePCLRaw.bundle_e_sqlite3": "2.0.4"
        }
      },
      "Microsoft.Data.Sqlite.Core": {
        "type": "Transitive",
        "resolved": "5.0.0",
        "contentHash": "O1PBB9Y9bU9Fb3FkewqeXzVJ3hI2DW9DtRGj7lGkT1FnP1B3kqjn3xpG2AaVzkv2MkzzKHNJAh+LQq3XaFcAMw==",
        "dependencies": {
          "SQLitePCLRaw.core": "2.0.4"
        }
      },
      "Newtonsoft.Json": {
        "type": "Transitive",
        "resolved": "12.0.3",
        "contentHash": "6mgjfnRB4jKMlzHSl+VD+oUc1IebOZabkbyWj2RiTgWwYPPuaK1H97G1sHqGwPlS5npiF5Q0OrxN1wni2n5QWg=="
      },
      "RabbitMQ.Client": {
        "type": "Transitive",
        "resolved": "6.2.1",
        "contentHash": "kdcin0uz1b9xQPvlLOoa8Y2zQsfu7nRuTrcX02dCLVzwGVlsPp9AFgu1L3kRh4wSFEOGE03OVqpWKxaDlhuowQ==",
        "dependencies": {
          "System.Memory": "4.5.4",
          "System.Threading.Channels": "4.7.1"
        }
      },
      "SQLitePCLRaw.bundle_e_sqlite3": {
        "type": "Transitive",
        "resolved": "2.0.4",
        "contentHash": "f5U8Sw0lRym8tTraJ2zm6OqcDrcrEVvcKDtYlKSLs3Ox9SerkwkPXiFXb/uiW0g2tJdUw6oBhsxI/l5DoRxXMg==",
        "dependencies": {
          "SQLitePCLRaw.core": "2.0.4",
          "SQLitePCLRaw.lib.e_sqlite3": "2.0.4",
          "SQLitePCLRaw.provider.dynamic_cdecl": "2.0.4"
        }
      },
      "SQLitePCLRaw.core": {
        "type": "Transitive",
        "resolved": "2.0.4",
        "contentHash": "4XlDZpDAsboMD6qZQcz9AaKblKDUTVHF+8f3lvbP7QjoqSRr2Xc0Lm34IK2pjRIYnyFLhI3yOJ5YWfOiCid2yg==",
        "dependencies": {
          "System.Memory": "4.5.3"
        }
      },
      "SQLitePCLRaw.lib.e_sqlite3": {
        "type": "Transitive",
        "resolved": "2.0.4",
        "contentHash": "oetvmtDZOE4Nnrtxd8Trapl9geBiu0rDCUXff46qGYjnUwzaU1mZ3OHnfR402tl32rx8gBWg3n5OBRaPJRbsGw=="
      },
      "SQLitePCLRaw.provider.dynamic_cdecl": {
        "type": "Transitive",
        "resolved": "2.0.4",
        "contentHash": "AY6+vv/4ji1mCkLrS6HP/88rHT9YFKRyg3LUj8RyIk6imJMUFdQDiP8rK8gq0a/0FbqspLjK1t7rtKcr7FXRYA==",
        "dependencies": {
          "SQLitePCLRaw.core": "2.0.4"
        }
      },
      "System.Memory": {
        "type": "Transitive",
        "resolved": "4.5.4",
        "contentHash": "1MbJTHS1lZ4bS4FmsJjnuGJOu88ZzTT2rLvrhW7Ygic+pC0NWA+3hgAen0HRdsocuQXCkUTdFn9yHJJhsijDXw=="
      },
      "System.Threading.Channels": {
        "type": "Transitive",
        "resolved": "4.7.1",
        "contentHash": "6akRtHK/wab3246t4p5v3HQrtQk8LboOt5T4dtpNgsp3zvDeM4/Gx8V12t0h+c/W9/enUrilk8n6EQqdQorZAA=="
      },
      "todo.application": {
        "type": "Project",
        "dependencies": {
          "Todo.Domain": "1.0.0"
        }
      },
      "todo.domain": {
        "type": "Project"
      },
      "todo.infra.eventstore": {
        "type": "Project",
        "dependencies": {
          "Todo.Domain": "1.0.0"
        }
      },
      "todo.infra.rabbitmqeventbus": {
        "type": "Project",
        "dependencies": {
          "EasyNetQ": "6.3.0",
          "Todo.Domain": "1.0.0"
        }
      },
      "todo.infra.sqliteeventstore": {
        "type": "Project",
        "dependencies": {
          "Microsoft.Data.Sqlite": "5.0.0",
          "Todo.Infra.EventStore": "1.0.0"
        }
      }
    }
  }
}